
Microsoft Visual Studio Solution File, Format Version 12.00
# Visual Studio Version 16
VisualStudioVersion = 16.0.808.8
MinimumVisualStudioVersion = 10.0.40219.1
Project("{9A19103F-16F7-4668-BE54-9A1E7A4F7556}") = "hey-url-challenge-code-dotnet", "hey-url-challenge-code-dotnet\hey-url-challenge-code-dotnet.csproj", "{C673D8C3-FE4F-465C-9457-3A9E08ADE305}"
EndProject
Project("{9A19103F-16F7-4668-BE54-9A1E7A4F7556}") = "tests", "tests\tests.csproj", "{5399632D-585A-4CA3-B9BE-A4C2559D6DEA}"
EndProject
Project("{2150E333-8FDC-42A3-9474-1A3956D46DE8}") = "Solution Items", "Solution Items", "{EEF9DBB3-847A-427F-98FE-E431729F938C}"
	ProjectSection(SolutionItems) = preProject
		CHALLENGE.md = CHALLENGE.md
		README.md = README.md
	EndProjectSection
EndProject
Project("{FAE04EC0-301F-11D3-BF4B-00C04F79EFBC}") = "App.Data", "App.Data\App.Data.csproj", "{BD4BA055-27E0-4024-8CE9-ACFAC05D72EE}"
EndProject
Project("{FAE04EC0-301F-11D3-BF4B-00C04F79EFBC}") = "App.Domain", "App.Domain\App.Domain.csproj", "{304BFC48-65DD-48D1-96A7-18A95B236011}"
EndProject
Project("{FAE04EC0-301F-11D3-BF4B-00C04F79EFBC}") = "App.Library", "App.Library\App.Library.csproj", "{405F3720-12E5-40E5-BE14-4B2C3DFB56E5}"
EndProject
Global
	GlobalSection(SolutionConfigurationPlatforms) = preSolution
		Debug|Any CPU = Debug|Any CPU
		Release|Any CPU = Release|Any CPU
	EndGlobalSection
	GlobalSection(ProjectConfigurationPlatforms) = postSolution
		{C673D8C3-FE4F-465C-9457-3A9E08ADE305}.Debug|Any CPU.ActiveCfg = Debug|Any CPU
		{C673D8C3-FE4F-465C-9457-3A9E08ADE305}.Debug|Any CPU.Build.0 = Debug|Any CPU
		{C673D8C3-FE4F-465C-9457-3A9E08ADE305}.Release|Any CPU.ActiveCfg = Release|Any CPU
		{C673D8C3-FE4F-465C-9457-3A9E08ADE305}.Release|Any CPU.Build.0 = Release|Any CPU
		{5399632D-585A-4CA3-B9BE-A4C2559D6DEA}.Debug|Any CPU.ActiveCfg = Debug|Any CPU
		{5399632D-585A-4CA3-B9BE-A4C2559D6DEA}.Debug|Any CPU.Build.0 = Debug|Any CPU
		{5399632D-585A-4CA3-B9BE-A4C2559D6DEA}.Release|Any CPU.ActiveCfg = Release|Any CPU
		{5399632D-585A-4CA3-B9BE-A4C2559D6DEA}.Release|Any CPU.Build.0 = Release|Any CPU
		{BD4BA055-27E0-4024-8CE9-ACFAC05D72EE}.Debug|Any CPU.ActiveCfg = Debug|Any CPU
		{BD4BA055-27E0-4024-8CE9-ACFAC05D72EE}.Debug|Any CPU.Build.0 = Debug|Any CPU
		{BD4BA055-27E0-4024-8CE9-ACFAC05D72EE}.Release|Any CPU.ActiveCfg = Release|Any CPU
		{BD4BA055-27E0-4024-8CE9-ACFAC05D72EE}.Release|Any CPU.Build.0 = Release|Any CPU
		{304BFC48-65DD-48D1-96A7-18A95B236011}.Debug|Any CPU.ActiveCfg = Debug|Any CPU
		{304BFC48-65DD-48D1-96A7-18A95B236011}.Debug|Any CPU.Build.0 = Debug|Any CPU
		{304BFC48-65DD-48D1-96A7-18A95B236011}.Release|Any CPU.ActiveCfg = Release|Any CPU
		{304BFC48-65DD-48D1-96A7-18A95B236011}.Release|Any CPU.Build.0 = Release|Any CPU
		{405F3720-12E5-40E5-BE14-4B2C3DFB56E5}.Debug|Any CPU.ActiveCfg = Debug|Any CPU
		{405F3720-12E5-40E5-BE14-4B2C3DFB56E5}.Debug|Any CPU.Build.0 = Debug|Any CPU
		{405F3720-12E5-40E5-BE14-4B2C3DFB56E5}.Release|Any CPU.ActiveCfg = Release|Any CPU
		{405F3720-12E5-40E5-BE14-4B2C3DFB56E5}.Release|Any CPU.Build.0 = Release|Any CPU
	EndGlobalSection
	GlobalSection(SolutionProperties) = preSolution
		HideSolutionNode = FALSE
	EndGlobalSection
	GlobalSection(ExtensibilityGlobals) = postSolution
		SolutionGuid = {55DBE199-5033-4095-A89D-B2255A026430}
	EndGlobalSection
EndGlobal
